{
  "lockfileVersion": 1,
  "configVersion": 0,
  "workspaces": {
    "": {
      "name": "sample-tracker-client",
      "dependencies": {
        "@types/qrcode": "^1.5.5",
        "lucide-svelte": "^0.525.0",
        "qr-scanner": "^1.4.2",
        "qrcode": "^1.5.4",
        "uuid": "^11.1.0",
      },
      "devDependencies": {
        "@internationalized/date": "^3.8.1",
        "@lucide/svelte": "^0.515.0",
        "@sveltejs/vite-plugin-svelte": "^5.1.0",
        "@tailwindcss/vite": "^4.0.0",
        "@tsconfig/svelte": "^5.0.4",
        "bits-ui": "^2.8.6",
        "clsx": "^2.1.1",
        "mode-watcher": "^1.0.8",
        "svelte": "^5.34.7",
        "svelte-check": "^4.2.2",
        "svelte-sonner": "^1.0.5",
        "tailwind-merge": "^3.3.1",
        "tailwind-variants": "^1.0.0",
        "tailwindcss": "^4.0.0",
        "tw-animate-css": "^1.3.4",
        "typescript": "~5.8.3",
        "vite": "^7.0.0",
      },
    },
  },
  "packages": {
    "@esbuild/aix-ppc64": ["@esbuild/aix-ppc64@0.27.4", "", { "os": "aix", "cpu": "ppc64" }, "sha512-cQPwL2mp2nSmHHJlCyoXgHGhbEPMrEEU5xhkcy3Hs/O7nGZqEpZ2sUtLaL9MORLtDfRvVl2/3PAuEkYZH0Ty8Q=="],

    "@esbuild/android-arm": ["@esbuild/android-arm@0.27.4", "", { "os": "android", "cpu": "arm" }, "sha512-X9bUgvxiC8CHAGKYufLIHGXPJWnr0OCdR0anD2e21vdvgCI8lIfqFbnoeOz7lBjdrAGUhqLZLcQo6MLhTO2DKQ=="],

    "@esbuild/android-arm64": ["@esbuild/android-arm64@0.27.4", "", { "os": "android", "cpu": "arm64" }, "sha512-gdLscB7v75wRfu7QSm/zg6Rx29VLdy9eTr2t44sfTW7CxwAtQghZ4ZnqHk3/ogz7xao0QAgrkradbBzcqFPasw=="],

    "@esbuild/android-x64": ["@esbuild/android-x64@0.27.4", "", { "os": "android", "cpu": "x64" }, "sha512-PzPFnBNVF292sfpfhiyiXCGSn9HZg5BcAz+ivBuSsl6Rk4ga1oEXAamhOXRFyMcjwr2DVtm40G65N3GLeH1Lvw=="],

    "@esbuild/darwin-arm64": ["@esbuild/darwin-arm64@0.27.4", "", { "os": "darwin", "cpu": "arm64" }, "sha512-b7xaGIwdJlht8ZFCvMkpDN6uiSmnxxK56N2GDTMYPr2/gzvfdQN8rTfBsvVKmIVY/X7EM+/hJKEIbbHs9oA4tQ=="],

    "@esbuild/darwin-x64": ["@esbuild/darwin-x64@0.27.4", "", { "os": "darwin", "cpu": "x64" }, "sha512-sR+OiKLwd15nmCdqpXMnuJ9W2kpy0KigzqScqHI3Hqwr7IXxBp3Yva+yJwoqh7rE8V77tdoheRYataNKL4QrPw=="],

    "@esbuild/freebsd-arm64": ["@esbuild/freebsd-arm64@0.27.4", "", { "os": "freebsd", "cpu": "arm64" }, "sha512-jnfpKe+p79tCnm4GVav68A7tUFeKQwQyLgESwEAUzyxk/TJr4QdGog9sqWNcUbr/bZt/O/HXouspuQDd9JxFSw=="],

    "@esbuild/freebsd-x64": ["@esbuild/freebsd-x64@0.27.4", "", { "os": "freebsd", "cpu": "x64" }, "sha512-2kb4ceA/CpfUrIcTUl1wrP/9ad9Atrp5J94Lq69w7UwOMolPIGrfLSvAKJp0RTvkPPyn6CIWrNy13kyLikZRZQ=="],

    "@esbuild/linux-arm": ["@esbuild/linux-arm@0.27.4", "", { "os": "linux", "cpu": "arm" }, "sha512-aBYgcIxX/wd5n2ys0yESGeYMGF+pv6g0DhZr3G1ZG4jMfruU9Tl1i2Z+Wnj9/KjGz1lTLCcorqE2viePZqj4Eg=="],

    "@esbuild/linux-arm64": ["@esbuild/linux-arm64@0.27.4", "", { "os": "linux", "cpu": "arm64" }, "sha512-7nQOttdzVGth1iz57kxg9uCz57dxQLHWxopL6mYuYthohPKEK0vU0C3O21CcBK6KDlkYVcnDXY099HcCDXd9dA=="],

    "@esbuild/linux-ia32": ["@esbuild/linux-ia32@0.27.4", "", { "os": "linux", "cpu": "ia32" }, "sha512-oPtixtAIzgvzYcKBQM/qZ3R+9TEUd1aNJQu0HhGyqtx6oS7qTpvjheIWBbes4+qu1bNlo2V4cbkISr8q6gRBFA=="],

    "@esbuild/linux-loong64": ["@esbuild/linux-loong64@0.27.4", "", { "os": "linux", "cpu": "none" }, "sha512-8mL/vh8qeCoRcFH2nM8wm5uJP+ZcVYGGayMavi8GmRJjuI3g1v6Z7Ni0JJKAJW+m0EtUuARb6Lmp4hMjzCBWzA=="],

    "@esbuild/linux-mips64el": ["@esbuild/linux-mips64el@0.27.4", "", { "os": "linux", "cpu": "none" }, "sha512-1RdrWFFiiLIW7LQq9Q2NES+HiD4NyT8Itj9AUeCl0IVCA459WnPhREKgwrpaIfTOe+/2rdntisegiPWn/r/aAw=="],

    "@esbuild/linux-ppc64": ["@esbuild/linux-ppc64@0.27.4", "", { "os": "linux", "cpu": "ppc64" }, "sha512-tLCwNG47l3sd9lpfyx9LAGEGItCUeRCWeAx6x2Jmbav65nAwoPXfewtAdtbtit/pJFLUWOhpv0FpS6GQAmPrHA=="],

    "@esbuild/linux-riscv64": ["@esbuild/linux-riscv64@0.27.4", "", { "os": "linux", "cpu": "none" }, "sha512-BnASypppbUWyqjd1KIpU4AUBiIhVr6YlHx/cnPgqEkNoVOhHg+YiSVxM1RLfiy4t9cAulbRGTNCKOcqHrEQLIw=="],

    "@esbuild/linux-s390x": ["@esbuild/linux-s390x@0.27.4", "", { "os": "linux", "cpu": "s390x" }, "sha512-+eUqgb/Z7vxVLezG8bVB9SfBie89gMueS+I0xYh2tJdw3vqA/0ImZJ2ROeWwVJN59ihBeZ7Tu92dF/5dy5FttA=="],

    "@esbuild/linux-x64": ["@esbuild/linux-x64@0.27.4", "", { "os": "linux", "cpu": "x64" }, "sha512-S5qOXrKV8BQEzJPVxAwnryi2+Iq5pB40gTEIT69BQONqR7JH1EPIcQ/Uiv9mCnn05jff9umq/5nqzxlqTOg9NA=="],

    "@esbuild/netbsd-arm64": ["@esbuild/netbsd-arm64@0.27.4", "", { "os": "none", "cpu": "arm64" }, "sha512-xHT8X4sb0GS8qTqiwzHqpY00C95DPAq7nAwX35Ie/s+LO9830hrMd3oX0ZMKLvy7vsonee73x0lmcdOVXFzd6Q=="],

    "@esbuild/netbsd-x64": ["@esbuild/netbsd-x64@0.27.4", "", { "os": "none", "cpu": "x64" }, "sha512-RugOvOdXfdyi5Tyv40kgQnI0byv66BFgAqjdgtAKqHoZTbTF2QqfQrFwa7cHEORJf6X2ht+l9ABLMP0dnKYsgg=="],

    "@esbuild/openbsd-arm64": ["@esbuild/openbsd-arm64@0.27.4", "", { "os": "openbsd", "cpu": "arm64" }, "sha512-2MyL3IAaTX+1/qP0O1SwskwcwCoOI4kV2IBX1xYnDDqthmq5ArrW94qSIKCAuRraMgPOmG0RDTA74mzYNQA9ow=="],

    "@esbuild/openbsd-x64": ["@esbuild/openbsd-x64@0.27.4", "", { "os": "openbsd", "cpu": "x64" }, "sha512-u8fg/jQ5aQDfsnIV6+KwLOf1CmJnfu1ShpwqdwC0uA7ZPwFws55Ngc12vBdeUdnuWoQYx/SOQLGDcdlfXhYmXQ=="],

    "@esbuild/openharmony-arm64": ["@esbuild/openharmony-arm64@0.27.4", "", { "os": "none", "cpu": "arm64" }, "sha512-JkTZrl6VbyO8lDQO3yv26nNr2RM2yZzNrNHEsj9bm6dOwwu9OYN28CjzZkH57bh4w0I2F7IodpQvUAEd1mbWXg=="],

    "@esbuild/sunos-x64": ["@esbuild/sunos-x64@0.27.4", "", { "os": "sunos", "cpu": "x64" }, "sha512-/gOzgaewZJfeJTlsWhvUEmUG4tWEY2Spp5M20INYRg2ZKl9QPO3QEEgPeRtLjEWSW8FilRNacPOg8R1uaYkA6g=="],

    "@esbuild/win32-arm64": ["@esbuild/win32-arm64@0.27.4", "", { "os": "win32", "cpu": "arm64" }, "sha512-Z9SExBg2y32smoDQdf1HRwHRt6vAHLXcxD2uGgO/v2jK7Y718Ix4ndsbNMU/+1Qiem9OiOdaqitioZwxivhXYg=="],

    "@esbuild/win32-ia32": ["@esbuild/win32-ia32@0.27.4", "", { "os": "win32", "cpu": "ia32" }, "sha512-DAyGLS0Jz5G5iixEbMHi5KdiApqHBWMGzTtMiJ72ZOLhbu/bzxgAe8Ue8CTS3n3HbIUHQz/L51yMdGMeoxXNJw=="],

    "@esbuild/win32-x64": ["@esbuild/win32-x64@0.27.4", "", { "os": "win32", "cpu": "x64" }, "sha512-+knoa0BDoeXgkNvvV1vvbZX4+hizelrkwmGJBdT17t8FNPwG2lKemmuMZlmaNQ3ws3DKKCxpb4zRZEIp3UxFCg=="],

    "@floating-ui/core": ["@floating-ui/core@1.7.2", "", { "dependencies": { "@floating-ui/utils": "^0.2.10" } }, "sha512-wNB5ooIKHQc+Kui96jE/n69rHFWAVoxn5CAzL1Xdd8FG03cgY3MLO+GF9U3W737fYDSgPWA6MReKhBQBop6Pcw=="],

    "@floating-ui/dom": ["@floating-ui/dom@1.7.2", "", { "dependencies": { "@floating-ui/core": "^1.7.2", "@floating-ui/utils": "^0.2.10" } }, "sha512-7cfaOQuCS27HD7DX+6ib2OrnW+b4ZBwDNnCcT0uTyidcmyWb03FnQqJybDBoCnpdxwBSfA94UAYlRCt7mV+TbA=="],

    "@floating-ui/utils": ["@floating-ui/utils@0.2.10", "", {}, "sha512-aGTxbpbg8/b5JfU1HXSrbH3wXZuLPJcNEcZQFMxLs3oSzgtVu6nFPkbbGGUvBcUjKV2YyB9Wxxabo+HEH9tcRQ=="],

    "@internationalized/date": ["@internationalized/date@3.12.0", "", { "dependencies": { "@swc/helpers": "^0.5.0" } }, "sha512-/PyIMzK29jtXaGU23qTvNZxvBXRtKbNnGDFD+PY6CZw/Y8Ex8pFUzkuCJCG9aOqmShjqhS9mPqP6Dk5onQY8rQ=="],

    "@jridgewell/gen-mapping": ["@jridgewell/gen-mapping@0.3.12", "", { "dependencies": { "@jridgewell/sourcemap-codec": "^1.5.0", "@jridgewell/trace-mapping": "^0.3.24" } }, "sha512-OuLGC46TjB5BbN1dH8JULVVZY4WTdkF7tV9Ys6wLL1rubZnCMstOhNHueU5bLCrnRuDhKPDM4g6sw4Bel5Gzqg=="],

    "@jridgewell/remapping": ["@jridgewell/remapping@2.3.5", "", { "dependencies": { "@jridgewell/gen-mapping": "^0.3.5", "@jridgewell/trace-mapping": "^0.3.24" } }, "sha512-LI9u/+laYG4Ds1TDKSJW2YPrIlcVYOwi2fUC6xB43lueCjgxV4lffOCZCtYFiH6TNOX+tQKXx97T4IKHbhyHEQ=="],

    "@jridgewell/resolve-uri": ["@jridgewell/resolve-uri@3.1.2", "", {}, "sha512-bRISgCIjP20/tbWSPWMEi54QVPRZExkuD9lJL+UIxUKtwVJA8wW1Trb1jMs1RFXo1CBTNZ/5hpC9QvmKWdopKw=="],

    "@jridgewell/sourcemap-codec": ["@jridgewell/sourcemap-codec@1.5.4", "", {}, "sha512-VT2+G1VQs/9oz078bLrYbecdZKs912zQlkelYpuf+SXF+QvZDYJlbx/LSx+meSAwdDFnF8FVXW92AVjjkVmgFw=="],

    "@jridgewell/trace-mapping": ["@jridgewell/trace-mapping@0.3.29", "", { "dependencies": { "@jridgewell/resolve-uri": "^3.1.0", "@jridgewell/sourcemap-codec": "^1.4.14" } }, "sha512-uw6guiW/gcAGPDhLmd77/6lW8QLeiV5RUTsAX46Db6oLhGaVj4lhnPwb184s1bkc8kdVg/+h988dro8GRDpmYQ=="],

    "@lucide/svelte": ["@lucide/svelte@0.515.0", "", { "peerDependencies": { "svelte": "^5" } }, "sha512-CEAyqcZmNBfYzVgaRmK2RFJP5tnbXxekRyDk0XX/eZQRfsJmkDvmQwXNX8C869BgNeryzmrRyjHhUL6g9ZOHNA=="],

    "@rollup/rollup-android-arm-eabi": ["@rollup/rollup-android-arm-eabi@4.44.1", "", { "os": "android", "cpu": "arm" }, "sha512-JAcBr1+fgqx20m7Fwe1DxPUl/hPkee6jA6Pl7n1v2EFiktAHenTaXl5aIFjUIEsfn9w3HE4gK1lEgNGMzBDs1w=="],

    "@rollup/rollup-android-arm64": ["@rollup/rollup-android-arm64@4.44.1", "", { "os": "android", "cpu": "arm64" }, "sha512-RurZetXqTu4p+G0ChbnkwBuAtwAbIwJkycw1n6GvlGlBuS4u5qlr5opix8cBAYFJgaY05TWtM+LaoFggUmbZEQ=="],

    "@rollup/rollup-darwin-arm64": ["@rollup/rollup-darwin-arm64@4.44.1", "", { "os": "darwin", "cpu": "arm64" }, "sha512-fM/xPesi7g2M7chk37LOnmnSTHLG/v2ggWqKj3CCA1rMA4mm5KVBT1fNoswbo1JhPuNNZrVwpTvlCVggv8A2zg=="],

    "@rollup/rollup-darwin-x64": ["@rollup/rollup-darwin-x64@4.44.1", "", { "os": "darwin", "cpu": "x64" }, "sha512-gDnWk57urJrkrHQ2WVx9TSVTH7lSlU7E3AFqiko+bgjlh78aJ88/3nycMax52VIVjIm3ObXnDL2H00e/xzoipw=="],

    "@rollup/rollup-freebsd-arm64": ["@rollup/rollup-freebsd-arm64@4.44.1", "", { "os": "freebsd", "cpu": "arm64" }, "sha512-wnFQmJ/zPThM5zEGcnDcCJeYJgtSLjh1d//WuHzhf6zT3Md1BvvhJnWoy+HECKu2bMxaIcfWiu3bJgx6z4g2XA=="],

    "@rollup/rollup-freebsd-x64": ["@rollup/rollup-freebsd-x64@4.44.1", "", { "os": "freebsd", "cpu": "x64" }, "sha512-uBmIxoJ4493YATvU2c0upGz87f99e3wop7TJgOA/bXMFd2SvKCI7xkxY/5k50bv7J6dw1SXT4MQBQSLn8Bb/Uw=="],

    "@rollup/rollup-linux-arm-gnueabihf": ["@rollup/rollup-linux-arm-gnueabihf@4.44.1", "", { "os": "linux", "cpu": "arm" }, "sha512-n0edDmSHlXFhrlmTK7XBuwKlG5MbS7yleS1cQ9nn4kIeW+dJH+ExqNgQ0RrFRew8Y+0V/x6C5IjsHrJmiHtkxQ=="],

    "@rollup/rollup-linux-arm-musleabihf": ["@rollup/rollup-linux-arm-musleabihf@4.44.1", "", { "os": "linux", "cpu": "arm" }, "sha512-8WVUPy3FtAsKSpyk21kV52HCxB+me6YkbkFHATzC2Yd3yuqHwy2lbFL4alJOLXKljoRw08Zk8/xEj89cLQ/4Nw=="],

    "@rollup/rollup-linux-arm64-gnu": ["@rollup/rollup-linux-arm64-gnu@4.44.1", "", { "os": "linux", "cpu": "arm64" }, "sha512-yuktAOaeOgorWDeFJggjuCkMGeITfqvPgkIXhDqsfKX8J3jGyxdDZgBV/2kj/2DyPaLiX6bPdjJDTu9RB8lUPQ=="],

    "@rollup/rollup-linux-arm64-musl": ["@rollup/rollup-linux-arm64-musl@4.44.1", "", { "os": "linux", "cpu": "arm64" }, "sha512-W+GBM4ifET1Plw8pdVaecwUgxmiH23CfAUj32u8knq0JPFyK4weRy6H7ooxYFD19YxBulL0Ktsflg5XS7+7u9g=="],

    "@rollup/rollup-linux-loongarch64-gnu": ["@rollup/rollup-linux-loongarch64-gnu@4.44.1", "", { "os": "linux", "cpu": "none" }, "sha512-1zqnUEMWp9WrGVuVak6jWTl4fEtrVKfZY7CvcBmUUpxAJ7WcSowPSAWIKa/0o5mBL/Ij50SIf9tuirGx63Ovew=="],

    "@rollup/rollup-linux-powerpc64le-gnu": ["@rollup/rollup-linux-powerpc64le-gnu@4.44.1", "", { "os": "linux", "cpu": "ppc64" }, "sha512-Rl3JKaRu0LHIx7ExBAAnf0JcOQetQffaw34T8vLlg9b1IhzcBgaIdnvEbbsZq9uZp3uAH+JkHd20Nwn0h9zPjA=="],

    "@rollup/rollup-linux-riscv64-gnu": ["@rollup/rollup-linux-riscv64-gnu@4.44.1", "", { "os": "linux", "cpu": "none" }, "sha512-j5akelU3snyL6K3N/iX7otLBIl347fGwmd95U5gS/7z6T4ftK288jKq3A5lcFKcx7wwzb5rgNvAg3ZbV4BqUSw=="],

    "@rollup/rollup-linux-riscv64-musl": ["@rollup/rollup-linux-riscv64-musl@4.44.1", "", { "os": "linux", "cpu": "none" }, "sha512-ppn5llVGgrZw7yxbIm8TTvtj1EoPgYUAbfw0uDjIOzzoqlZlZrLJ/KuiE7uf5EpTpCTrNt1EdtzF0naMm0wGYg=="],

    "@rollup/rollup-linux-s390x-gnu": ["@rollup/rollup-linux-s390x-gnu@4.44.1", "", { "os": "linux", "cpu": "s390x" }, "sha512-Hu6hEdix0oxtUma99jSP7xbvjkUM/ycke/AQQ4EC5g7jNRLLIwjcNwaUy95ZKBJJwg1ZowsclNnjYqzN4zwkAw=="],

    "@rollup/rollup-linux-x64-gnu": ["@rollup/rollup-linux-x64-gnu@4.44.1", "", { "os": "linux", "cpu": "x64" }, "sha512-EtnsrmZGomz9WxK1bR5079zee3+7a+AdFlghyd6VbAjgRJDbTANJ9dcPIPAi76uG05micpEL+gPGmAKYTschQw=="],

    "@rollup/rollup-linux-x64-musl": ["@rollup/rollup-linux-x64-musl@4.44.1", "", { "os": "linux", "cpu": "x64" }, "sha512-iAS4p+J1az6Usn0f8xhgL4PaU878KEtutP4hqw52I4IO6AGoyOkHCxcc4bqufv1tQLdDWFx8lR9YlwxKuv3/3g=="],

    "@rollup/rollup-win32-arm64-msvc": ["@rollup/rollup-win32-arm64-msvc@4.44.1", "", { "os": "win32", "cpu": "arm64" }, "sha512-NtSJVKcXwcqozOl+FwI41OH3OApDyLk3kqTJgx8+gp6On9ZEt5mYhIsKNPGuaZr3p9T6NWPKGU/03Vw4CNU9qg=="],

    "@rollup/rollup-win32-ia32-msvc": ["@rollup/rollup-win32-ia32-msvc@4.44.1", "", { "os": "win32", "cpu": "ia32" }, "sha512-JYA3qvCOLXSsnTR3oiyGws1Dm0YTuxAAeaYGVlGpUsHqloPcFjPg+X0Fj2qODGLNwQOAcCiQmHub/V007kiH5A=="],

    "@rollup/rollup-win32-x64-msvc": ["@rollup/rollup-win32-x64-msvc@4.44.1", "", { "os": "win32", "cpu": "x64" }, "sha512-J8o22LuF0kTe7m+8PvW9wk3/bRq5+mRo5Dqo6+vXb7otCm3TPhYOJqOaQtGU9YMWQSL3krMnoOxMr0+9E6F3Ug=="],

    "@sveltejs/acorn-typescript": ["@sveltejs/acorn-typescript@1.0.5", "", { "peerDependencies": { "acorn": "^8.9.0" } }, "sha512-IwQk4yfwLdibDlrXVE04jTZYlLnwsTT2PIOQQGNLWfjavGifnk1JD1LcZjZaBTRcxZu2FfPfNLOE04DSu9lqtQ=="],

    "@sveltejs/vite-plugin-svelte": ["@sveltejs/vite-plugin-svelte@5.1.1", "", { "dependencies": { "@sveltejs/vite-plugin-svelte-inspector": "^4.0.1", "debug": "^4.4.1", "deepmerge": "^4.3.1", "kleur": "^4.1.5", "magic-string": "^0.30.17", "vitefu": "^1.0.6" }, "peerDependencies": { "svelte": "^5.0.0", "vite": "^6.0.0" } }, "sha512-Y1Cs7hhTc+a5E9Va/xwKlAJoariQyHY+5zBgCZg4PFWNYQ1nMN9sjK1zhw1gK69DuqVP++sht/1GZg1aRwmAXQ=="],

    "@sveltejs/vite-plugin-svelte-inspector": ["@sveltejs/vite-plugin-svelte-inspector@4.0.1", "", { "dependencies": { "debug": "^4.3.7" }, "peerDependencies": { "@sveltejs/vite-plugin-svelte": "^5.0.0", "svelte": "^5.0.0", "vite": "^6.0.0" } }, "sha512-J/Nmb2Q2y7mck2hyCX4ckVHcR5tu2J+MtBEQqpDrrgELZ2uvraQcK/ioCV61AqkdXFgriksOKIceDcQmqnGhVw=="],

    "@swc/helpers": ["@swc/helpers@0.5.17", "", { "dependencies": { "tslib": "^2.8.0" } }, "sha512-5IKx/Y13RsYd+sauPb2x+U/xZikHjolzfuDgTAl/Tdf3Q8rslRvC19NKDLgAJQ6wsqADk10ntlv08nPFw/gO/A=="],

    "@tailwindcss/node": ["@tailwindcss/node@4.2.2", "", { "dependencies": { "@jridgewell/remapping": "^2.3.5", "enhanced-resolve": "^5.19.0", "jiti": "^2.6.1", "lightningcss": "1.32.0", "magic-string": "^0.30.21", "source-map-js": "^1.2.1", "tailwindcss": "4.2.2" } }, "sha512-pXS+wJ2gZpVXqFaUEjojq7jzMpTGf8rU6ipJz5ovJV6PUGmlJ+jvIwGrzdHdQ80Sg+wmQxUFuoW1UAAwHNEdFA=="],

    "@tailwindcss/oxide": ["@tailwindcss/oxide@4.2.2", "", { "optionalDependencies": { "@tailwindcss/oxide-android-arm64": "4.2.2", "@tailwindcss/oxide-darwin-arm64": "4.2.2", "@tailwindcss/oxide-darwin-x64": "4.2.2", "@tailwindcss/oxide-freebsd-x64": "4.2.2", "@tailwindcss/oxide-linux-arm-gnueabihf": "4.2.2", "@tailwindcss/oxide-linux-arm64-gnu": "4.2.2", "@tailwindcss/oxide-linux-arm64-musl": "4.2.2", "@tailwindcss/oxide-linux-x64-gnu": "4.2.2", "@tailwindcss/oxide-linux-x64-musl": "4.2.2", "@tailwindcss/oxide-wasm32-wasi": "4.2.2", "@tailwindcss/oxide-win32-arm64-msvc": "4.2.2", "@tailwindcss/oxide-win32-x64-msvc": "4.2.2" } }, "sha512-qEUA07+E5kehxYp9BVMpq9E8vnJuBHfJEC0vPC5e7iL/hw7HR61aDKoVoKzrG+QKp56vhNZe4qwkRmMC0zDLvg=="],

    "@tailwindcss/oxide-android-arm64": ["@tailwindcss/oxide-android-arm64@4.2.2", "", { "os": "android", "cpu": "arm64" }, "sha512-dXGR1n+P3B6748jZO/SvHZq7qBOqqzQ+yFrXpoOWWALWndF9MoSKAT3Q0fYgAzYzGhxNYOoysRvYlpixRBBoDg=="],

    "@tailwindcss/oxide-darwin-arm64": ["@tailwindcss/oxide-darwin-arm64@4.2.2", "", { "os": "darwin", "cpu": "arm64" }, "sha512-iq9Qjr6knfMpZHj55/37ouZeykwbDqF21gPFtfnhCCKGDcPI/21FKC9XdMO/XyBM7qKORx6UIhGgg6jLl7BZlg=="],

    "@tailwindcss/oxide-darwin-x64": ["@tailwindcss/oxide-darwin-x64@4.2.2", "", { "os": "darwin", "cpu": "x64" }, "sha512-BlR+2c3nzc8f2G639LpL89YY4bdcIdUmiOOkv2GQv4/4M0vJlpXEa0JXNHhCHU7VWOKWT/CjqHdTP8aUuDJkuw=="],

    "@tailwindcss/oxide-freebsd-x64": ["@tailwindcss/oxide-freebsd-x64@4.2.2", "", { "os": "freebsd", "cpu": "x64" }, "sha512-YUqUgrGMSu2CDO82hzlQ5qSb5xmx3RUrke/QgnoEx7KvmRJHQuZHZmZTLSuuHwFf0DJPybFMXMYf+WJdxHy/nQ=="],

    "@tailwindcss/oxide-linux-arm-gnueabihf": ["@tailwindcss/oxide-linux-arm-gnueabihf@4.2.2", "", { "os": "linux", "cpu": "arm" }, "sha512-FPdhvsW6g06T9BWT0qTwiVZYE2WIFo2dY5aCSpjG/S/u1tby+wXoslXS0kl3/KXnULlLr1E3NPRRw0g7t2kgaQ=="],

    "@tailwindcss/oxide-linux-arm64-gnu": ["@tailwindcss/oxide-linux-arm64-gnu@4.2.2", "", { "os": "linux", "cpu": "arm64" }, "sha512-4og1V+ftEPXGttOO7eCmW7VICmzzJWgMx+QXAJRAhjrSjumCwWqMfkDrNu1LXEQzNAwz28NCUpucgQPrR4S2yw=="],

    "@tailwindcss/oxide-linux-arm64-musl": ["@tailwindcss/oxide-linux-arm64-musl@4.2.2", "", { "os": "linux", "cpu": "arm64" }, "sha512-oCfG/mS+/+XRlwNjnsNLVwnMWYH7tn/kYPsNPh+JSOMlnt93mYNCKHYzylRhI51X+TbR+ufNhhKKzm6QkqX8ag=="],

    "@tailwindcss/oxide-linux-x64-gnu": ["@tailwindcss/oxide-linux-x64-gnu@4.2.2", "", { "os": "linux", "cpu": "x64" }, "sha512-rTAGAkDgqbXHNp/xW0iugLVmX62wOp2PoE39BTCGKjv3Iocf6AFbRP/wZT/kuCxC9QBh9Pu8XPkv/zCZB2mcMg=="],

    "@tailwindcss/oxide-linux-x64-musl": ["@tailwindcss/oxide-linux-x64-musl@4.2.2", "", { "os": "linux", "cpu": "x64" }, "sha512-XW3t3qwbIwiSyRCggeO2zxe3KWaEbM0/kW9e8+0XpBgyKU4ATYzcVSMKteZJ1iukJ3HgHBjbg9P5YPRCVUxlnQ=="],

    "@tailwindcss/oxide-wasm32-wasi": ["@tailwindcss/oxide-wasm32-wasi@4.2.2", "", { "dependencies": { "@emnapi/core": "^1.8.1", "@emnapi/runtime": "^1.8.1", "@emnapi/wasi-threads": "^1.1.0", "@napi-rs/wasm-runtime": "^1.1.1", "@tybys/wasm-util": "^0.10.1", "tslib": "^2.8.1" }, "cpu": "none" }, "sha512-eKSztKsmEsn1O5lJ4ZAfyn41NfG7vzCg496YiGtMDV86jz1q/irhms5O0VrY6ZwTUkFy/EKG3RfWgxSI3VbZ8Q=="],

    "@tailwindcss/oxide-win32-arm64-msvc": ["@tailwindcss/oxide-win32-arm64-msvc@4.2.2", "", { "os": "win32", "cpu": "arm64" }, "sha512-qPmaQM4iKu5mxpsrWZMOZRgZv1tOZpUm+zdhhQP0VhJfyGGO3aUKdbh3gDZc/dPLQwW4eSqWGrrcWNBZWUWaXQ=="],

    "@tailwindcss/oxide-win32-x64-msvc": ["@tailwindcss/oxide-win32-x64-msvc@4.2.2", "", { "os": "win32", "cpu": "x64" }, "sha512-1T/37VvI7WyH66b+vqHj/cLwnCxt7Qt3WFu5Q8hk65aOvlwAhs7rAp1VkulBJw/N4tMirXjVnylTR72uI0HGcA=="],

    "@tailwindcss/vite": ["@tailwindcss/vite@4.2.2", "", { "dependencies": { "@tailwindcss/node": "4.2.2", "@tailwindcss/oxide": "4.2.2", "tailwindcss": "4.2.2" }, "peerDependencies": { "vite": "^5.2.0 || ^6 || ^7 || ^8" } }, "sha512-mEiF5HO1QqCLXoNEfXVA1Tzo+cYsrqV7w9Juj2wdUFyW07JRenqMG225MvPwr3ZD9N1bFQj46X7r33iHxLUW0w=="],

    "@tsconfig/svelte": ["@tsconfig/svelte@5.0.8", "", {}, "sha512-UkNnw1/oFEfecR8ypyHIQuWYdkPvHiwcQ78sh+ymIiYoF+uc5H1UBetbjyqT+vgGJ3qQN6nhucJviX6HesWtKQ=="],

    "@types/estree": ["@types/estree@1.0.8", "", {}, "sha512-dWHzHa2WqEXI/O1E9OjrocMTKJl2mSrEolh1Iomrv6U+JuNwaHXsXx9bLu5gG7BUWFIN0skIQJQ/L1rIex4X6w=="],

    "@types/node": ["@types/node@24.0.10", "", { "dependencies": { "undici-types": "~7.8.0" } }, "sha512-ENHwaH+JIRTDIEEbDK6QSQntAYGtbvdDXnMXnZaZ6k13Du1dPMmprkEHIL7ok2Wl2aZevetwTAb5S+7yIF+enA=="],

    "@types/offscreencanvas": ["@types/offscreencanvas@2019.7.3", "", {}, "sha512-ieXiYmgSRXUDeOntE1InxjWyvEelZGP63M+cGuquuRLuIKKT1osnkXjxev9B7d1nXSug5vpunx+gNlbVxMlC9A=="],

    "@types/qrcode": ["@types/qrcode@1.5.6", "", { "dependencies": { "@types/node": "*" } }, "sha512-te7NQcV2BOvdj2b1hCAHzAoMNuj65kNBMz0KBaxM6c3VGBOhU0dURQKOtH8CFNI/dsKkwlv32p26qYQTWoB5bw=="],

    "@types/trusted-types": ["@types/trusted-types@2.0.7", "", {}, "sha512-ScaPdn1dQczgbl0QFTeTOmVHFULt394XJgOQNoyVhZ6r2vLnMLJfBPd53SB52T/3G36VI1/g2MZaX0cwDuXsfw=="],

    "@typescript-eslint/types": ["@typescript-eslint/types@8.57.1", "", {}, "sha512-S29BOBPJSFUiblEl6RzPPjJt6w25A6XsBqRVDt53tA/tlL8q7ceQNZHTjPeONt/3S7KRI4quk+yP9jK2WjBiPQ=="],

    "acorn": ["acorn@8.15.0", "", { "bin": { "acorn": "bin/acorn" } }, "sha512-NZyJarBfL7nWwIq+FDL6Zp/yHEhePMNnnJ0y3qfieCrmNvYct8uvtiV41UvlSe6apAfk0fY1FbWx+NwfmpvtTg=="],

    "ansi-regex": ["ansi-regex@5.0.1", "", {}, "sha512-quJQXlTSUGL2LH9SUXo8VwsY4soanhgo6LNSm84E1LBcE8s3O0wpdiRzyR9z/ZZJMlMWv37qOOb9pdJlMUEKFQ=="],

    "ansi-styles": ["ansi-styles@4.3.0", "", { "dependencies": { "color-convert": "^2.0.1" } }, "sha512-zbB9rCJAT1rbjiVDb2hqKFHNYLxgtk8NURxZ3IZwD3F6NtxbXZQCnnSi1Lkx+IDohdPlFp222wVALIheZJQSEg=="],

    "aria-query": ["aria-query@5.3.1", "", {}, "sha512-Z/ZeOgVl7bcSYZ/u/rh0fOpvEpq//LZmdbkXyc7syVzjPAhfOa9ebsdTSjEBDU4vs5nC98Kfduj1uFo0qyET3g=="],

    "axobject-query": ["axobject-query@4.1.0", "", {}, "sha512-qIj0G9wZbMGNLjLmg1PT6v2mE9AH2zlnADJD/2tC6E00hgmhUOfEB6greHPAfLRSufHqROIUTkw6E+M3lH0PTQ=="],

    "bits-ui": ["bits-ui@2.16.3", "", { "dependencies": { "@floating-ui/core": "^1.7.1", "@floating-ui/dom": "^1.7.1", "esm-env": "^1.1.2", "runed": "^0.35.1", "svelte-toolbelt": "^0.10.6", "tabbable": "^6.2.0" }, "peerDependencies": { "@internationalized/date": "^3.8.1", "svelte": "^5.33.0" } }, "sha512-5hJ5dEhf5yPzkRFcxzgQHScGodeo0gK0MUUXrdLlRHWaBOBGZiacWLG96j/wwFatKwZvouw7q+sn14i0fx3RIg=="],

    "camelcase": ["camelcase@5.3.1", "", {}, "sha512-L28STB170nwWS63UjtlEOE3dldQApaJXZkOI1uMFfzf3rRuPegHaHesyee+YxQ+W6SvRDQV6UrdOdRiR153wJg=="],

    "chokidar": ["chokidar@4.0.3", "", { "dependencies": { "readdirp": "^4.0.1" } }, "sha512-Qgzu8kfBvo+cA4962jnP1KkS6Dop5NS6g7R5LFYJr4b8Ub94PPQXUksCw9PvXoeXPRRddRNC5C1JQUR2SMGtnA=="],

    "cliui": ["cliui@6.0.0", "", { "dependencies": { "string-width": "^4.2.0", "strip-ansi": "^6.0.0", "wrap-ansi": "^6.2.0" } }, "sha512-t6wbgtoCXvAzst7QgXxJYqPt0usEfbgQdftEPbLL/cvv6HPE5VgvqCuAIDR0NgU52ds6rFwqrgakNLrHEjCbrQ=="],

    "clsx": ["clsx@2.1.1", "", {}, "sha512-eYm0QWBtUrBWZWG0d386OGAw16Z995PiOVo2B7bjWSbHedGl5e0ZWaq65kOGgUSNesEIDkB9ISbTg/JK9dhCZA=="],

    "color-convert": ["color-convert@2.0.1", "", { "dependencies": { "color-name": "~1.1.4" } }, "sha512-RRECPsj7iu/xb5oKYcsFHSppFNnsj/52OVTRKb4zP5onXwVF3zVmmToNcOfGC+CRDpfK/U584fMg38ZHCaElKQ=="],

    "color-name": ["color-name@1.1.4", "", {}, "sha512-dOy+3AuW3a2wNbZHIuMZpTcgjGuLU/uBL/ubcZF9OXbDo8ff4O8yVp5Bf0efS8uEoYo5q4Fx7dY9OgQGXgAsQA=="],

    "debug": ["debug@4.4.1", "", { "dependencies": { "ms": "^2.1.3" } }, "sha512-KcKCqiftBJcZr++7ykoDIEwSa3XWowTfNPo92BYxjXiyYEVrUQh2aLyhxBCwww+heortUFxEJYcRzosstTEBYQ=="],

    "decamelize": ["decamelize@1.2.0", "", {}, "sha512-z2S+W9X73hAUUki+N+9Za2lBlun89zigOyGrsax+KUQ6wKW4ZoWpEYBkGhQjwAjjDCkWxhY0VKEhk8wzY7F5cA=="],

    "deepmerge": ["deepmerge@4.3.1", "", {}, "sha512-3sUqbMEc77XqpdNO7FRyRog+eW3ph+GYCbj+rK+uYyRMuwsVy0rMiVtPn+QJlKFvWP/1PYpapqYn0Me2knFn+A=="],

    "dequal": ["dequal@2.0.3", "", {}, "sha512-0je+qPKHEMohvfRTCEo3CrPG6cAzAYgmzKyxRiYSSDkS6eGJdyVJm7WaYA5ECaAD9wLB2T4EEeymA5aFVcYXCA=="],

    "detect-libc": ["detect-libc@2.0.4", "", {}, "sha512-3UDv+G9CsCKO1WKMGw9fwq/SWJYbI0c5Y7LU1AXYoDdbhE2AHQ6N6Nb34sG8Fj7T5APy8qXDCKuuIHd1BR0tVA=="],

    "devalue": ["devalue@5.6.4", "", {}, "sha512-Gp6rDldRsFh/7XuouDbxMH3Mx8GMCcgzIb1pDTvNyn8pZGQ22u+Wa+lGV9dQCltFQ7uVw0MhRyb8XDskNFOReA=="],

    "dijkstrajs": ["dijkstrajs@1.0.3", "", {}, "sha512-qiSlmBq9+BCdCA/L46dw8Uy93mloxsPSbwnm5yrKn2vMPiy8KyAskTF6zuV/j5BMsmOGZDPs7KjU+mjb670kfA=="],

    "emoji-regex": ["emoji-regex@8.0.0", "", {}, "sha512-MSjYzcWNOA0ewAHpz0MxpYFvwg6yjy1NG3xteoqz644VCo/RPgnr1/GGt+ic3iJTzQ8Eu3TdM14SawnVUmGE6A=="],

    "enhanced-resolve": ["enhanced-resolve@5.20.1", "", { "dependencies": { "graceful-fs": "^4.2.4", "tapable": "^2.3.0" } }, "sha512-Qohcme7V1inbAfvjItgw0EaxVX5q2rdVEZHRBrEQdRZTssLDGsL8Lwrznl8oQ/6kuTJONLaDcGjkNP247XEhcA=="],

    "esbuild": ["esbuild@0.27.4", "", { "optionalDependencies": { "@esbuild/aix-ppc64": "0.27.4", "@esbuild/android-arm": "0.27.4", "@esbuild/android-arm64": "0.27.4", "@esbuild/android-x64": "0.27.4", "@esbuild/darwin-arm64": "0.27.4", "@esbuild/darwin-x64": "0.27.4", "@esbuild/freebsd-arm64": "0.27.4", "@esbuild/freebsd-x64": "0.27.4", "@esbuild/linux-arm": "0.27.4", "@esbuild/linux-arm64": "0.27.4", "@esbuild/linux-ia32": "0.27.4", "@esbuild/linux-loong64": "0.27.4", "@esbuild/linux-mips64el": "0.27.4", "@esbuild/linux-ppc64": "0.27.4", "@esbuild/linux-riscv64": "0.27.4", "@esbuild/linux-s390x": "0.27.4", "@esbuild/linux-x64": "0.27.4", "@esbuild/netbsd-arm64": "0.27.4", "@esbuild/netbsd-x64": "0.27.4", "@esbuild/openbsd-arm64": "0.27.4", "@esbuild/openbsd-x64": "0.27.4", "@esbuild/openharmony-arm64": "0.27.4", "@esbuild/sunos-x64": "0.27.4", "@esbuild/win32-arm64": "0.27.4", "@esbuild/win32-ia32": "0.27.4", "@esbuild/win32-x64": "0.27.4" }, "bin": { "esbuild": "bin/esbuild" } }, "sha512-Rq4vbHnYkK5fws5NF7MYTU68FPRE1ajX7heQ/8QXXWqNgqqJ/GkmmyxIzUnf2Sr/bakf8l54716CcMGHYhMrrQ=="],

    "esm-env": ["esm-env@1.2.2", "", {}, "sha512-Epxrv+Nr/CaL4ZcFGPJIYLWFom+YeV1DqMLHJoEd9SYRxNbaFruBwfEX/kkHUJf55j2+TUbmDcmuilbP1TmXHA=="],

    "esrap": ["esrap@2.2.4", "", { "dependencies": { "@jridgewell/sourcemap-codec": "^1.4.15", "@typescript-eslint/types": "^8.2.0" } }, "sha512-suICpxAmZ9A8bzJjEl/+rLJiDKC0X4gYWUxT6URAWBLvlXmtbZd5ySMu/N2ZGEtMCAmflUDPSehrP9BQcsGcSg=="],

    "fdir": ["fdir@6.4.6", "", { "peerDependencies": { "picomatch": "^3 || ^4" }, "optionalPeers": ["picomatch"] }, "sha512-hiFoqpyZcfNm1yc4u8oWCf9A2c4D3QjCrks3zmoVKVxpQRzmPNar1hUJcBG2RQHvEVGDN+Jm81ZheVLAQMK6+w=="],

    "find-up": ["find-up@4.1.0", "", { "dependencies": { "locate-path": "^5.0.0", "path-exists": "^4.0.0" } }, "sha512-PpOwAdQ/YlXQ2vj8a3h8IipDuYRi3wceVQQGYWxNINccq40Anw7BlsEXCMbt1Zt+OLA6Fq9suIpIWD0OsnISlw=="],

    "fsevents": ["fsevents@2.3.3", "", { "os": "darwin" }, "sha512-5xoDfX+fL7faATnagmWPpbFtwh/R77WmMMqqHGS65C3vvB0YHrgF+B1YmZ3441tMj5n63k0212XNoJwzlhffQw=="],

    "get-caller-file": ["get-caller-file@2.0.5", "", {}, "sha512-DyFP3BM/3YHTQOCUL/w0OZHR0lpKeGrxotcHWcqNEdnltqFwXVfhEBQ94eIo34AfQpo0rGki4cyIiftY06h2Fg=="],

    "graceful-fs": ["graceful-fs@4.2.11", "", {}, "sha512-RbJ5/jmFcNNCcDV5o9eTnBLJ/HszWV0P73bc+Ff4nS/rJj+YaS6IGyiOL0VoBYX+l1Wrl3k63h/KrH+nhJ0XvQ=="],

    "inline-style-parser": ["inline-style-parser@0.2.4", "", {}, "sha512-0aO8FkhNZlj/ZIbNi7Lxxr12obT7cL1moPfE4tg1LkX7LlLfC6DeX4l2ZEud1ukP9jNQyNnfzQVqwbwmAATY4Q=="],

    "is-fullwidth-code-point": ["is-fullwidth-code-point@3.0.0", "", {}, "sha512-zymm5+u+sCsSWyD9qNaejV3DFvhCKclKdizYaJUuHA83RLjb7nSuGnddCHGv0hk+KY7BMAlsWeK4Ueg6EV6XQg=="],

    "is-reference": ["is-reference@3.0.3", "", { "dependencies": { "@types/estree": "^1.0.6" } }, "sha512-ixkJoqQvAP88E6wLydLGGqCJsrFUnqoH6HnaczB8XmDH1oaWU+xxdptvikTgaEhtZ53Ky6YXiBuUI2WXLMCwjw=="],

    "jiti": ["jiti@2.6.1", "", { "bin": { "jiti": "lib/jiti-cli.mjs" } }, "sha512-ekilCSN1jwRvIbgeg/57YFh8qQDNbwDb9xT/qu2DAHbFFZUicIl4ygVaAvzveMhMVr3LnpSKTNnwt8PoOfmKhQ=="],

    "kleur": ["kleur@4.1.5", "", {}, "sha512-o+NO+8WrRiQEE4/7nwRJhN1HWpVmJm511pBHUxPLtp0BUISzlBplORYSmTclCnJvQq2tKu/sgl3xVpkc7ZWuQQ=="],

    "lightningcss": ["lightningcss@1.32.0", "", { "dependencies": { "detect-libc": "^2.0.3" }, "optionalDependencies": { "lightningcss-android-arm64": "1.32.0", "lightningcss-darwin-arm64": "1.32.0", "lightningcss-darwin-x64": "1.32.0", "lightningcss-freebsd-x64": "1.32.0", "lightningcss-linux-arm-gnueabihf": "1.32.0", "lightningcss-linux-arm64-gnu": "1.32.0", "lightningcss-linux-arm64-musl": "1.32.0", "lightningcss-linux-x64-gnu": "1.32.0", "lightningcss-linux-x64-musl": "1.32.0", "lightningcss-win32-arm64-msvc": "1.32.0", "lightningcss-win32-x64-msvc": "1.32.0" } }, "sha512-NXYBzinNrblfraPGyrbPoD19C1h9lfI/1mzgWYvXUTe414Gz/X1FD2XBZSZM7rRTrMA8JL3OtAaGifrIKhQ5yQ=="],

    "lightningcss-android-arm64": ["lightningcss-android-arm64@1.32.0", "", { "os": "android", "cpu": "arm64" }, "sha512-YK7/ClTt4kAK0vo6w3X+Pnm0D2cf2vPHbhOXdoNti1Ga0al1P4TBZhwjATvjNwLEBCnKvjJc2jQgHXH0NEwlAg=="],

    "lightningcss-darwin-arm64": ["lightningcss-darwin-arm64@1.32.0", "", { "os": "darwin", "cpu": "arm64" }, "sha512-RzeG9Ju5bag2Bv1/lwlVJvBE3q6TtXskdZLLCyfg5pt+HLz9BqlICO7LZM7VHNTTn/5PRhHFBSjk5lc4cmscPQ=="],

    "lightningcss-darwin-x64": ["lightningcss-darwin-x64@1.32.0", "", { "os": "darwin", "cpu": "x64" }, "sha512-U+QsBp2m/s2wqpUYT/6wnlagdZbtZdndSmut/NJqlCcMLTWp5muCrID+K5UJ6jqD2BFshejCYXniPDbNh73V8w=="],

    "lightningcss-freebsd-x64": ["lightningcss-freebsd-x64@1.32.0", "", { "os": "freebsd", "cpu": "x64" }, "sha512-JCTigedEksZk3tHTTthnMdVfGf61Fky8Ji2E4YjUTEQX14xiy/lTzXnu1vwiZe3bYe0q+SpsSH/CTeDXK6WHig=="],

    "lightningcss-linux-arm-gnueabihf": ["lightningcss-linux-arm-gnueabihf@1.32.0", "", { "os": "linux", "cpu": "arm" }, "sha512-x6rnnpRa2GL0zQOkt6rts3YDPzduLpWvwAF6EMhXFVZXD4tPrBkEFqzGowzCsIWsPjqSK+tyNEODUBXeeVHSkw=="],

    "lightningcss-linux-arm64-gnu": ["lightningcss-linux-arm64-gnu@1.32.0", "", { "os": "linux", "cpu": "arm64" }, "sha512-0nnMyoyOLRJXfbMOilaSRcLH3Jw5z9HDNGfT/gwCPgaDjnx0i8w7vBzFLFR1f6CMLKF8gVbebmkUN3fa/kQJpQ=="],

    "lightningcss-linux-arm64-musl": ["lightningcss-linux-arm64-musl@1.32.0", "", { "os": "linux", "cpu": "arm64" }, "sha512-UpQkoenr4UJEzgVIYpI80lDFvRmPVg6oqboNHfoH4CQIfNA+HOrZ7Mo7KZP02dC6LjghPQJeBsvXhJod/wnIBg=="],

    "lightningcss-linux-x64-gnu": ["lightningcss-linux-x64-gnu@1.32.0", "", { "os": "linux", "cpu": "x64" }, "sha512-V7Qr52IhZmdKPVr+Vtw8o+WLsQJYCTd8loIfpDaMRWGUZfBOYEJeyJIkqGIDMZPwPx24pUMfwSxxI8phr/MbOA=="],

    "lightningcss-linux-x64-musl": ["lightningcss-linux-x64-musl@1.32.0", "", { "os": "linux", "cpu": "x64" }, "sha512-bYcLp+Vb0awsiXg/80uCRezCYHNg1/l3mt0gzHnWV9XP1W5sKa5/TCdGWaR/zBM2PeF/HbsQv/j2URNOiVuxWg=="],

    "lightningcss-win32-arm64-msvc": ["lightningcss-win32-arm64-msvc@1.32.0", "", { "os": "win32", "cpu": "arm64" }, "sha512-8SbC8BR40pS6baCM8sbtYDSwEVQd4JlFTOlaD3gWGHfThTcABnNDBda6eTZeqbofalIJhFx0qKzgHJmcPTnGdw=="],

    "lightningcss-win32-x64-msvc": ["lightningcss-win32-x64-msvc@1.32.0", "", { "os": "win32", "cpu": "x64" }, "sha512-Amq9B/SoZYdDi1kFrojnoqPLxYhQ4Wo5XiL8EVJrVsB8ARoC1PWW6VGtT0WKCemjy8aC+louJnjS7U18x3b06Q=="],

    "locate-character": ["locate-character@3.0.0", "", {}, "sha512-SW13ws7BjaeJ6p7Q6CO2nchbYEc3X3J6WrmTTDto7yMPqVSZTUyY5Tjbid+Ab8gLnATtygYtiDIJGQRRn2ZOiA=="],

    "locate-path": ["locate-path@5.0.0", "", { "dependencies": { "p-locate": "^4.1.0" } }, "sha512-t7hw9pI+WvuwNJXwk5zVHpyhIqzg2qTlklJOf0mVxGSbe3Fp2VieZcduNYjaLDoy6p9uGpQEGWG87WpMKlNq8g=="],

    "lucide-svelte": ["lucide-svelte@0.525.0", "", { "peerDependencies": { "svelte": "^3 || ^4 || ^5.0.0-next.42" } }, "sha512-kfuN6JcCqTfCz2B76aXnyGLAzEBRSYw5GaUspM5RNHQZS5aI5yaKu06fbaofOk8cDvUtY0AUm/zAix7aUX6Q3A=="],

    "lz-string": ["lz-string@1.5.0", "", { "bin": { "lz-string": "bin/bin.js" } }, "sha512-h5bgJWpxJNswbU7qCrV0tIKQCaS3blPDrqKWx+QxzuzL1zGUzij9XCWLrSLsJPu5t+eWA/ycetzYAO5IOMcWAQ=="],

    "magic-string": ["magic-string@0.30.17", "", { "dependencies": { "@jridgewell/sourcemap-codec": "^1.5.0" } }, "sha512-sNPKHvyjVf7gyjwS4xGTaW/mCnF8wnjtifKBEhxfZ7E/S8tQ0rssrwGNn6q8JH/ohItJfSQp9mBtQYuTlH5QnA=="],

    "mode-watcher": ["mode-watcher@1.1.0", "", { "dependencies": { "runed": "^0.25.0", "svelte-toolbelt": "^0.7.1" }, "peerDependencies": { "svelte": "^5.27.0" } }, "sha512-mUT9RRGPDYenk59qJauN1rhsIMKBmWA3xMF+uRwE8MW/tjhaDSCCARqkSuDTq8vr4/2KcAxIGVjACxTjdk5C3g=="],

    "mri": ["mri@1.2.0", "", {}, "sha512-tzzskb3bG8LvYGFF/mDTpq3jpI6Q9wc3LEmBaghu+DdCssd1FakN7Bc0hVNmEyGq1bq3RgfkCb3cmQLpNPOroA=="],

    "ms": ["ms@2.1.3", "", {}, "sha512-6FlzubTLZG3J2a/NVCAleEhjzq5oxgHyaCU9yYXvcLsvoVaHJq/s5xXI6/XXP6tz7R9xAOtHnSO/tXtF3WRTlA=="],

    "nanoid": ["nanoid@3.3.11", "", { "bin": { "nanoid": "bin/nanoid.cjs" } }, "sha512-N8SpfPUnUp1bK+PMYW8qSWdl9U+wwNWI4QKxOYDy9JAro3WMX7p2OeVRF9v+347pnakNevPmiHhNmZ2HbFA76w=="],

    "p-limit": ["p-limit@2.3.0", "", { "dependencies": { "p-try": "^2.0.0" } }, "sha512-//88mFWSJx8lxCzwdAABTJL2MyWB12+eIY7MDL2SqLmAkeKU9qxRvWuSyTjm3FUmpBEMuFfckAIqEaVGUDxb6w=="],

    "p-locate": ["p-locate@4.1.0", "", { "dependencies": { "p-limit": "^2.2.0" } }, "sha512-R79ZZ/0wAxKGu3oYMlz8jy/kbhsNrS7SKZ7PxEHBgJ5+F2mtFW2fK2cOtBh1cHYkQsbzFV7I+EoRKe6Yt0oK7A=="],

    "p-try": ["p-try@2.2.0", "", {}, "sha512-R4nPAVTAU0B9D35/Gk3uJf/7XYbQcyohSKdvAxIRSNghFl4e71hVoGnBNQz9cWaXxO2I10KTC+3jMdvvoKw6dQ=="],

    "path-exists": ["path-exists@4.0.0", "", {}, "sha512-ak9Qy5Q7jYb2Wwcey5Fpvg2KoAc/ZIhLSLOSBmRmygPsGwkVVt0fZa0qrtMz+m6tJTAHfZQ8FnmB4MG4LWy7/w=="],

    "picocolors": ["picocolors@1.1.1", "", {}, "sha512-xceH2snhtb5M9liqDsmEw56le376mTZkEX/jEb/RxNFyegNul7eNslCXP9FDj/Lcu0X8KEyMceP2ntpaHrDEVA=="],

    "picomatch": ["picomatch@4.0.3", "", {}, "sha512-5gTmgEY/sqK6gFXLIsQNH19lWb4ebPDLA4SdLP7dsWkIXHWlG66oPuVvXSGFPppYZz8ZDZq0dYYrbHfBCVUb1Q=="],

    "pngjs": ["pngjs@5.0.0", "", {}, "sha512-40QW5YalBNfQo5yRYmiw7Yz6TKKVr3h6970B2YE+3fQpsWcrbj1PzJgxeJ19DRQjhMbKPIuMY8rFaXc8moolVw=="],

    "postcss": ["postcss@8.5.6", "", { "dependencies": { "nanoid": "^3.3.11", "picocolors": "^1.1.1", "source-map-js": "^1.2.1" } }, "sha512-3Ybi1tAuwAP9s0r1UQ2J4n5Y0G05bJkpUIO0/bI9MhwmD70S5aTWbXGBwxHrelT+XM1k6dM0pk+SwNkpTRN7Pg=="],

    "qr-scanner": ["qr-scanner@1.4.2", "", { "dependencies": { "@types/offscreencanvas": "^2019.6.4" } }, "sha512-kV1yQUe2FENvn59tMZW6mOVfpq9mGxGf8l6+EGaXUOd4RBOLg7tRC83OrirM5AtDvZRpdjdlXURsHreAOSPOUw=="],

    "qrcode": ["qrcode@1.5.4", "", { "dependencies": { "dijkstrajs": "^1.0.1", "pngjs": "^5.0.0", "yargs": "^15.3.1" }, "bin": { "qrcode": "bin/qrcode" } }, "sha512-1ca71Zgiu6ORjHqFBDpnSMTR2ReToX4l1Au1VFLyVeBTFavzQnv5JxMFr3ukHVKpSrSA2MCk0lNJSykjUfz7Zg=="],

    "readdirp": ["readdirp@4.1.2", "", {}, "sha512-GDhwkLfywWL2s6vEjyhri+eXmfH6j1L7JE27WhqLeYzoh/A3DBaYGEj2H/HFZCn/kMfim73FXxEJTw06WtxQwg=="],

    "require-directory": ["require-directory@2.1.1", "", {}, "sha512-fGxEI7+wsG9xrvdjsrlmL22OMTTiHRwAMroiEeMgq8gzoLC/PQr7RsRDSTLUg/bZAZtF+TVIkHc6/4RIKrui+Q=="],

    "require-main-filename": ["require-main-filename@2.0.0", "", {}, "sha512-NKN5kMDylKuldxYLSUfrbo5Tuzh4hd+2E8NPPX02mZtn1VuREQToYe/ZdlJy+J3uCpfaiGF05e7B8W0iXbQHmg=="],

    "rollup": ["rollup@4.44.1", "", { "dependencies": { "@types/estree": "1.0.8" }, "optionalDependencies": { "@rollup/rollup-android-arm-eabi": "4.44.1", "@rollup/rollup-android-arm64": "4.44.1", "@rollup/rollup-darwin-arm64": "4.44.1", "@rollup/rollup-darwin-x64": "4.44.1", "@rollup/rollup-freebsd-arm64": "4.44.1", "@rollup/rollup-freebsd-x64": "4.44.1", "@rollup/rollup-linux-arm-gnueabihf": "4.44.1", "@rollup/rollup-linux-arm-musleabihf": "4.44.1", "@rollup/rollup-linux-arm64-gnu": "4.44.1", "@rollup/rollup-linux-arm64-musl": "4.44.1", "@rollup/rollup-linux-loongarch64-gnu": "4.44.1", "@rollup/rollup-linux-powerpc64le-gnu": "4.44.1", "@rollup/rollup-linux-riscv64-gnu": "4.44.1", "@rollup/rollup-linux-riscv64-musl": "4.44.1", "@rollup/rollup-linux-s390x-gnu": "4.44.1", "@rollup/rollup-linux-x64-gnu": "4.44.1", "@rollup/rollup-linux-x64-musl": "4.44.1", "@rollup/rollup-win32-arm64-msvc": "4.44.1", "@rollup/rollup-win32-ia32-msvc": "4.44.1", "@rollup/rollup-win32-x64-msvc": "4.44.1", "fsevents": "~2.3.2" }, "bin": { "rollup": "dist/bin/rollup" } }, "sha512-x8H8aPvD+xbl0Do8oez5f5o8eMS3trfCghc4HhLAnCkj7Vl0d1JWGs0UF/D886zLW2rOj2QymV/JcSSsw+XDNg=="],

    "runed": ["runed@0.35.1", "", { "dependencies": { "dequal": "^2.0.3", "esm-env": "^1.0.0", "lz-string": "^1.5.0" }, "peerDependencies": { "@sveltejs/kit": "^2.21.0", "svelte": "^5.7.0" }, "optionalPeers": ["@sveltejs/kit"] }, "sha512-2F4Q/FZzbeJTFdIS/PuOoPRSm92sA2LhzTnv6FXhCoENb3huf5+fDuNOg1LNvGOouy3u/225qxmuJvcV3IZK5Q=="],

    "sade": ["sade@1.8.1", "", { "dependencies": { "mri": "^1.1.0" } }, "sha512-xal3CZX1Xlo/k4ApwCFrHVACi9fBqJ7V+mwhBsuf/1IOKbBy098Fex+Wa/5QMubw09pSZ/u8EY8PWgevJsXp1A=="],

    "set-blocking": ["set-blocking@2.0.0", "", {}, "sha512-KiKBS8AnWGEyLzofFfmvKwpdPzqiy16LvQfK3yv/fVH7Bj13/wl3JSR1J+rfgRE9q7xUJK4qvgS8raSOeLUehw=="],

    "source-map-js": ["source-map-js@1.2.1", "", {}, "sha512-UXWMKhLOwVKb728IUtQPXxfYU+usdybtUrK/8uGE8CQMvrhOpwvzDBwj0QhSL7MQc7vIsISBG8VQ8+IDQxpfQA=="],

    "string-width": ["string-width@4.2.3", "", { "dependencies": { "emoji-regex": "^8.0.0", "is-fullwidth-code-point": "^3.0.0", "strip-ansi": "^6.0.1" } }, "sha512-wKyQRQpjJ0sIp62ErSZdGsjMJWsap5oRNihHhu6G7JVO/9jIB6UyevL+tXuOqrng8j/cxKTWyWUwvSTriiZz/g=="],

    "strip-ansi": ["strip-ansi@6.0.1", "", { "dependencies": { "ansi-regex": "^5.0.1" } }, "sha512-Y38VPSHcqkFrCpFnQ9vuSXmquuv5oXOKpGeT6aGrr3o3Gc9AlVa6JBfUSOCnbxGGZF+/0ooI7KrPuUSztUdU5A=="],

    "style-to-object": ["style-to-object@1.0.9", "", { "dependencies": { "inline-style-parser": "0.2.4" } }, "sha512-G4qppLgKu/k6FwRpHiGiKPaPTFcG3g4wNVX/Qsfu+RqQM30E7Tyu/TEgxcL9PNLF5pdRLwQdE3YKKf+KF2Dzlw=="],

    "svelte": ["svelte@5.54.1", "", { "dependencies": { "@jridgewell/remapping": "^2.3.4", "@jridgewell/sourcemap-codec": "^1.5.0", "@sveltejs/acorn-typescript": "^1.0.5", "@types/estree": "^1.0.5", "@types/trusted-types": "^2.0.7", "acorn": "^8.12.1", "aria-query": "5.3.1", "axobject-query": "^4.1.0", "clsx": "^2.1.1", "devalue": "^5.6.4", "esm-env": "^1.2.1", "esrap": "^2.2.2", "is-reference": "^3.0.3", "locate-character": "^3.0.0", "magic-string": "^0.30.11", "zimmerframe": "^1.1.2" } }, "sha512-ow8tncN097Ty8U1H+C3bM1xNlsCbnO2UZeN0lWBnv8f3jKho7QTTQ2LWbMXrPQDodLjH91n4kpNnLolyRhVE6A=="],

    "svelte-check": ["svelte-check@4.4.5", "", { "dependencies": { "@jridgewell/trace-mapping": "^0.3.25", "chokidar": "^4.0.1", "fdir": "^6.2.0", "picocolors": "^1.0.0", "sade": "^1.7.4" }, "peerDependencies": { "svelte": "^4.0.0 || ^5.0.0-next.0", "typescript": ">=5.0.0" }, "bin": { "svelte-check": "bin/svelte-check" } }, "sha512-1bSwIRCvvmSHrlK52fOlZmVtUZgil43jNL/2H18pRpa+eQjzGt6e3zayxhp1S7GajPFKNM/2PMCG+DZFHlG9fw=="],

    "svelte-sonner": ["svelte-sonner@1.1.0", "", { "dependencies": { "runed": "^0.28.0" }, "peerDependencies": { "svelte": "^5.0.0" } }, "sha512-3lYM6ZIqWe+p9vwwWHGWP/ZdvHiUtzURsud2quIxivrX4rvpXh6i+geBGn0m3JS6KwW6W8VgbOl3xQMcDuh6gg=="],

    "svelte-toolbelt": ["svelte-toolbelt@0.10.6", "", { "dependencies": { "clsx": "^2.1.1", "runed": "^0.35.1", "style-to-object": "^1.0.8" }, "peerDependencies": { "svelte": "^5.30.2" } }, "sha512-YWuX+RE+CnWYx09yseAe4ZVMM7e7GRFZM6OYWpBKOb++s+SQ8RBIMMe+Bs/CznBMc0QPLjr+vDBxTAkozXsFXQ=="],

    "tabbable": ["tabbable@6.2.0", "", {}, "sha512-Cat63mxsVJlzYvN51JmVXIgNoUokrIaT2zLclCXjRd8boZ0004U4KCs/sToJ75C6sdlByWxpYnb5Boif1VSFew=="],

    "tailwind-merge": ["tailwind-merge@3.5.0", "", {}, "sha512-I8K9wewnVDkL1NTGoqWmVEIlUcB9gFriAEkXkfCjX5ib8ezGxtR3xD7iZIxrfArjEsH7F1CHD4RFUtxefdqV/A=="],

    "tailwind-variants": ["tailwind-variants@1.0.0", "", { "dependencies": { "tailwind-merge": "3.0.2" }, "peerDependencies": { "tailwindcss": "*" } }, "sha512-2WSbv4ulEEyuBKomOunut65D8UZwxrHoRfYnxGcQNnHqlSCp2+B7Yz2W+yrNDrxRodOXtGD/1oCcKGNBnUqMqA=="],

    "tailwindcss": ["tailwindcss@4.2.2", "", {}, "sha512-KWBIxs1Xb6NoLdMVqhbhgwZf2PGBpPEiwOqgI4pFIYbNTfBXiKYyWoTsXgBQ9WFg/OlhnvHaY+AEpW7wSmFo2Q=="],

    "tapable": ["tapable@2.3.1", "", {}, "sha512-b+u3CEM6FjDHru+nhUSjDofpWSBp2rINziJWgApm72wwGasQ/wKXftZe4tI2Y5HPv6OpzXSZHOFq87H4vfsgsw=="],

    "tinyglobby": ["tinyglobby@0.2.15", "", { "dependencies": { "fdir": "^6.5.0", "picomatch": "^4.0.3" } }, "sha512-j2Zq4NyQYG5XMST4cbs02Ak8iJUdxRM0XI5QyxXuZOzKOINmWurp3smXu3y5wDcJrptwpSjgXHzIQxR0omXljQ=="],

    "tslib": ["tslib@2.8.1", "", {}, "sha512-oJFu94HQb+KVduSUQL7wnpmqnfmLsOA/nAh6b6EH0wCEoK0/mPeXU6c3wKDV83MkOuHPRHtSXKKU99IBazS/2w=="],

    "tw-animate-css": ["tw-animate-css@1.4.0", "", {}, "sha512-7bziOlRqH0hJx80h/3mbicLW7o8qLsH5+RaLR2t+OHM3D0JlWGODQKQ4cxbK7WlvmUxpcj6Kgu6EKqjrGFe3QQ=="],

    "typescript": ["typescript@5.8.3", "", { "bin": { "tsc": "bin/tsc", "tsserver": "bin/tsserver" } }, "sha512-p1diW6TqL9L07nNxvRMM7hMMw4c5XOo/1ibL4aAIGmSAt9slTE1Xgw5KWuof2uTOvCg9BY7ZRi+GaF+7sfgPeQ=="],

    "undici-types": ["undici-types@7.8.0", "", {}, "sha512-9UJ2xGDvQ43tYyVMpuHlsgApydB8ZKfVYTsLDhXkFL/6gfkp+U8xTGdh8pMJv1SpZna0zxG1DwsKZsreLbXBxw=="],

    "uuid": ["uuid@11.1.0", "", { "bin": { "uuid": "dist/esm/bin/uuid" } }, "sha512-0/A9rDy9P7cJ+8w1c9WD9V//9Wj15Ce2MPz8Ri6032usz+NfePxx5AcN3bN+r6ZL6jEo066/yNYB3tn4pQEx+A=="],

    "vite": ["vite@7.3.1", "", { "dependencies": { "esbuild": "^0.27.0", "fdir": "^6.5.0", "picomatch": "^4.0.3", "postcss": "^8.5.6", "rollup": "^4.43.0", "tinyglobby": "^0.2.15" }, "optionalDependencies": { "fsevents": "~2.3.3" }, "peerDependencies": { "@types/node": "^20.19.0 || >=22.12.0", "jiti": ">=1.21.0", "less": "^4.0.0", "lightningcss": "^1.21.0", "sass": "^1.70.0", "sass-embedded": "^1.70.0", "stylus": ">=0.54.8", "sugarss": "^5.0.0", "terser": "^5.16.0", "tsx": "^4.8.1", "yaml": "^2.4.2" }, "optionalPeers": ["@types/node", "jiti", "less", "lightningcss", "sass", "sass-embedded", "stylus", "sugarss", "terser", "tsx", "yaml"], "bin": { "vite": "bin/vite.js" } }, "sha512-w+N7Hifpc3gRjZ63vYBXA56dvvRlNWRczTdmCBBa+CotUzAPf5b7YMdMR/8CQoeYE5LX3W4wj6RYTgonm1b9DA=="],

    "vitefu": ["vitefu@1.1.0", "", { "peerDependencies": { "vite": "^3.0.0 || ^4.0.0 || ^5.0.0 || ^6.0.0 || ^7.0.0-beta.0" }, "optionalPeers": ["vite"] }, "sha512-AiG/L9DVsEYHWQ9jAEnke0nKiASlPw+JYwDl6Z4l6a6/IqT1tKseEl6R5+rVnKJt/K3jCTWiQvgoIh5MuqBJJQ=="],

    "which-module": ["which-module@2.0.1", "", {}, "sha512-iBdZ57RDvnOR9AGBhML2vFZf7h8vmBjhoaZqODJBFWHVtKkDmKuHai3cx5PgVMrX5YDNp27AofYbAwctSS+vhQ=="],

    "wrap-ansi": ["wrap-ansi@6.2.0", "", { "dependencies": { "ansi-styles": "^4.0.0", "string-width": "^4.1.0", "strip-ansi": "^6.0.0" } }, "sha512-r6lPcBGxZXlIcymEu7InxDMhdW0KDxpLgoFLcguasxCaJ/SOIZwINatK9KY/tf+ZrlywOKU0UDj3ATXUBfxJXA=="],

    "y18n": ["y18n@4.0.3", "", {}, "sha512-JKhqTOwSrqNA1NY5lSztJ1GrBiUodLMmIZuLiDaMRJ+itFd+ABVE8XBjOvIWL+rSqNDC74LCSFmlb/U4UZ4hJQ=="],

    "yargs": ["yargs@15.4.1", "", { "dependencies": { "cliui": "^6.0.0", "decamelize": "^1.2.0", "find-up": "^4.1.0", "get-caller-file": "^2.0.1", "require-directory": "^2.1.1", "require-main-filename": "^2.0.0", "set-blocking": "^2.0.0", "string-width": "^4.2.0", "which-module": "^2.0.0", "y18n": "^4.0.0", "yargs-parser": "^18.1.2" } }, "sha512-aePbxDmcYW++PaqBsJ+HYUFwCdv4LVvdnhBy78E57PIor8/OVvhMrADFFEDh8DHDFRv/O9i3lPhsENjO7QX0+A=="],

    "yargs-parser": ["yargs-parser@18.1.3", "", { "dependencies": { "camelcase": "^5.0.0", "decamelize": "^1.2.0" } }, "sha512-o50j0JeToy/4K6OZcaQmW6lyXXKhq7csREXcDwk2omFPJEwUNOVtJKvmDr9EI1fAJZUyZcRF7kxGBWmRXudrCQ=="],

    "zimmerframe": ["zimmerframe@1.1.2", "", {}, "sha512-rAbqEGa8ovJy4pyBxZM70hg4pE6gDgaQ0Sl9M3enG3I0d6H4XSAM3GeNGLKnsBpuijUow064sf7ww1nutC5/3w=="],

    "@tailwindcss/node/magic-string": ["magic-string@0.30.21", "", { "dependencies": { "@jridgewell/sourcemap-codec": "^1.5.5" } }, "sha512-vd2F4YUyEXKGcLHoq+TEyCjxueSeHnFxyyjNp80yg0XV4vUhnDer/lvvlqM/arB5bXQN5K2/3oinyCRyx8T2CQ=="],

    "@tailwindcss/oxide-wasm32-wasi/@emnapi/core": ["@emnapi/core@1.9.1", "", { "dependencies": { "@emnapi/wasi-threads": "1.2.0", "tslib": "^2.4.0" }, "bundled": true }, "sha512-mukuNALVsoix/w1BJwFzwXBN/dHeejQtuVzcDsfOEsdpCumXb/E9j8w11h5S54tT1xhifGfbbSm/ICrObRb3KA=="],

    "@tailwindcss/oxide-wasm32-wasi/@emnapi/runtime": ["@emnapi/runtime@1.9.1", "", { "dependencies": { "tslib": "^2.4.0" }, "bundled": true }, "sha512-VYi5+ZVLhpgK4hQ0TAjiQiZ6ol0oe4mBx7mVv7IflsiEp0OWoVsp/+f9Vc1hOhE0TtkORVrI1GvzyreqpgWtkA=="],

    "@tailwindcss/oxide-wasm32-wasi/@emnapi/wasi-threads": ["@emnapi/wasi-threads@1.2.0", "", { "dependencies": { "tslib": "^2.4.0" }, "bundled": true }, "sha512-N10dEJNSsUx41Z6pZsXU8FjPjpBEplgH24sfkmITrBED1/U2Esum9F3lfLrMjKHHjmi557zQn7kR9R+XWXu5Rg=="],

    "@tailwindcss/oxide-wasm32-wasi/@napi-rs/wasm-runtime": ["@napi-rs/wasm-runtime@1.1.1", "", { "dependencies": { "@emnapi/core": "^1.7.1", "@emnapi/runtime": "^1.7.1", "@tybys/wasm-util": "^0.10.1" }, "bundled": true }, "sha512-p64ah1M1ld8xjWv3qbvFwHiFVWrq1yFvV4f7w+mzaqiR4IlSgkqhcRdHwsGgomwzBH51sRY4NEowLxnaBjcW/A=="],

    "@tailwindcss/oxide-wasm32-wasi/@tybys/wasm-util": ["@tybys/wasm-util@0.10.1", "", { "dependencies": { "tslib": "^2.4.0" }, "bundled": true }, "sha512-9tTaPJLSiejZKx+Bmog4uSubteqTvFrVrURwkmHixBo0G4seD0zUxp98E1DzUBJxLQ3NPwXrGKDiVjwx/DpPsg=="],

    "@tailwindcss/oxide-wasm32-wasi/tslib": ["tslib@2.8.1", "", { "bundled": true }, "sha512-oJFu94HQb+KVduSUQL7wnpmqnfmLsOA/nAh6b6EH0wCEoK0/mPeXU6c3wKDV83MkOuHPRHtSXKKU99IBazS/2w=="],

    "esrap/@jridgewell/sourcemap-codec": ["@jridgewell/sourcemap-codec@1.5.5", "", {}, "sha512-cYQ9310grqxueWbl+WuIUIaiUaDcj7WOq5fVhEljNVgRfOUhY9fy2zTvfoqWsnebh8Sl70VScFbICvJnLKB0Og=="],

    "mode-watcher/runed": ["runed@0.25.0", "", { "dependencies": { "esm-env": "^1.0.0" }, "peerDependencies": { "svelte": "^5.7.0" } }, "sha512-7+ma4AG9FT2sWQEA0Egf6mb7PBT2vHyuHail1ie8ropfSjvZGtEAx8YTmUjv/APCsdRRxEVvArNjALk9zFSOrg=="],

    "mode-watcher/svelte-toolbelt": ["svelte-toolbelt@0.7.1", "", { "dependencies": { "clsx": "^2.1.1", "runed": "^0.23.2", "style-to-object": "^1.0.8" }, "peerDependencies": { "svelte": "^5.0.0" } }, "sha512-HcBOcR17Vx9bjaOceUvxkY3nGmbBmCBBbuWLLEWO6jtmWH8f/QoWmbyUfQZrpDINH39en1b8mptfPQT9VKQ1xQ=="],

    "svelte-sonner/runed": ["runed@0.28.0", "", { "dependencies": { "esm-env": "^1.0.0" }, "peerDependencies": { "svelte": "^5.7.0" } }, "sha512-k2xx7RuO9hWcdd9f+8JoBeqWtYrm5CALfgpkg2YDB80ds/QE4w0qqu34A7fqiAwiBBSBQOid7TLxwxVC27ymWQ=="],

    "tailwind-variants/tailwind-merge": ["tailwind-merge@3.0.2", "", {}, "sha512-l7z+OYZ7mu3DTqrL88RiKrKIqO3NcpEO8V/Od04bNpvk0kiIFndGEoqfuzvj4yuhRkHKjRkII2z+KS2HfPcSxw=="],

    "tinyglobby/fdir": ["fdir@6.5.0", "", { "peerDependencies": { "picomatch": "^3 || ^4" }, "optionalPeers": ["picomatch"] }, "sha512-tIbYtZbucOs0BRGqPJkshJUYdL+SDH7dVM8gjy+ERp3WAUjLEFJE+02kanyHtwjWOnwrKYBiwAmM0p4kLJAnXg=="],

    "vite/fdir": ["fdir@6.5.0", "", { "peerDependencies": { "picomatch": "^3 || ^4" }, "optionalPeers": ["picomatch"] }, "sha512-tIbYtZbucOs0BRGqPJkshJUYdL+SDH7dVM8gjy+ERp3WAUjLEFJE+02kanyHtwjWOnwrKYBiwAmM0p4kLJAnXg=="],

    "@tailwindcss/node/magic-string/@jridgewell/sourcemap-codec": ["@jridgewell/sourcemap-codec@1.5.5", "", {}, "sha512-cYQ9310grqxueWbl+WuIUIaiUaDcj7WOq5fVhEljNVgRfOUhY9fy2zTvfoqWsnebh8Sl70VScFbICvJnLKB0Og=="],

    "mode-watcher/svelte-toolbelt/runed": ["runed@0.23.4", "", { "dependencies": { "esm-env": "^1.0.0" }, "peerDependencies": { "svelte": "^5.7.0" } }, "sha512-9q8oUiBYeXIDLWNK5DfCWlkL0EW3oGbk845VdKlPeia28l751VpfesaB/+7pI6rnbx1I6rqoZ2fZxptOJLxILA=="],
  }
}
